<?xml version="1.0" encoding="utf-8"?>
<Project ToolsVersion="4.0" xmlns="http://schemas.microsoft.com/developer/msbuild/2003">
  <ItemGroup>
    <Filter Include="inc">
      <UniqueIdentifier>{082e7679-9ca9-411f-a7f2-54b473c071cf}</UniqueIdentifier>
    </Filter>
    <Filter Include="3rd_part">
      <UniqueIdentifier>{3fc3069f-f57b-4167-adeb-b97c4c0d5af2}</UniqueIdentifier>
    </Filter>
    <Filter Include="src">
      <UniqueIdentifier>{c019bcdf-44bb-4f0a-99e6-58ece0dc3d4f}</UniqueIdentifier>
    </Filter>
    <Filter Include="test">
      <UniqueIdentifier>{aea3eeec-f415-4389-b01d-3b477d31966c}</UniqueIdentifier>
    </Filter>
    <Filter Include="3rd_part\dbow2">
      <UniqueIdentifier>{8ae08f4f-afc3-43b0-82c1-efd0b289bc7d}</UniqueIdentifier>
    </Filter>
    <Filter Include="3rd_part\dbow2\dutils">
      <UniqueIdentifier>{83ac167d-e421-4eb6-9615-125ac2dab19b}</UniqueIdentifier>
    </Filter>
  </ItemGroup>
  <ItemGroup>
    <ClCompile Include="src\frame.cpp">
      <Filter>src</Filter>
    </ClCompile>
    <ClCompile Include="src\parameter.cpp">
      <Filter>src</Filter>
    </ClCompile>
    <ClCompile Include="test\main.cpp">
      <Filter>test</Filter>
    </ClCompile>
    <ClCompile Include="src\draw_image.cpp">
      <Filter>src</Filter>
    </ClCompile>
    <ClCompile Include="src\map.cpp">
      <Filter>src</Filter>
    </ClCompile>
    <ClCompile Include="src\tracking.cpp">
      <Filter>src</Filter>
    </ClCompile>
    <ClCompile Include="src\loop_closing.cpp">
      <Filter>src</Filter>
    </ClCompile>
    <ClCompile Include="src\optimizer.cpp">
      <Filter>src</Filter>
    </ClCompile>
    <ClCompile Include="3rd_part\dbow2\BowVector.cpp">
      <Filter>3rd_part\dbow2</Filter>
    </ClCompile>
    <ClCompile Include="3rd_part\dbow2\FeatureVector.cpp">
      <Filter>3rd_part\dbow2</Filter>
    </ClCompile>
    <ClCompile Include="3rd_part\dbow2\FORB.cpp">
      <Filter>3rd_part\dbow2</Filter>
    </ClCompile>
    <ClCompile Include="3rd_part\dbow2\ScoringObject.cpp">
      <Filter>3rd_part\dbow2</Filter>
    </ClCompile>
    <ClCompile Include="3rd_part\dbow2\DUtils\Random.cpp">
      <Filter>3rd_part\dbow2\dutils</Filter>
    </ClCompile>
    <ClCompile Include="3rd_part\dbow2\DUtils\Timestamp.cpp">
      <Filter>3rd_part\dbow2\dutils</Filter>
    </ClCompile>
    <ClCompile Include="src\map_point.cpp">
      <Filter>src</Filter>
    </ClCompile>
    <ClCompile Include="src\orb_feature.cpp">
      <Filter>src</Filter>
    </ClCompile>
    <ClCompile Include="src\orb_matcher.cpp">
      <Filter>src</Filter>
    </ClCompile>
    <ClCompile Include="test\main_device.cpp">
      <Filter>test</Filter>
    </ClCompile>
  </ItemGroup>
  <ItemGroup>
    <ClInclude Include="inc\frame.h">
      <Filter>inc</Filter>
    </ClInclude>
    <ClInclude Include="inc\parameter.h">
      <Filter>inc</Filter>
    </ClInclude>
    <ClInclude Include="inc\draw_image.h">
      <Filter>inc</Filter>
    </ClInclude>
    <ClInclude Include="inc\map.h">
      <Filter>inc</Filter>
    </ClInclude>
    <ClInclude Include="inc\tracking.h">
      <Filter>inc</Filter>
    </ClInclude>
    <ClInclude Include="inc\loop_closing.h">
      <Filter>inc</Filter>
    </ClInclude>
    <ClInclude Include="inc\optimizer.h">
      <Filter>inc</Filter>
    </ClInclude>
    <ClInclude Include="3rd_part\dbow2\BowVector.h">
      <Filter>3rd_part\dbow2</Filter>
    </ClInclude>
    <ClInclude Include="3rd_part\dbow2\FClass.h">
      <Filter>3rd_part\dbow2</Filter>
    </ClInclude>
    <ClInclude Include="3rd_part\dbow2\FeatureVector.h">
      <Filter>3rd_part\dbow2</Filter>
    </ClInclude>
    <ClInclude Include="3rd_part\dbow2\FORB.h">
      <Filter>3rd_part\dbow2</Filter>
    </ClInclude>
    <ClInclude Include="3rd_part\dbow2\ScoringObject.h">
      <Filter>3rd_part\dbow2</Filter>
    </ClInclude>
    <ClInclude Include="3rd_part\dbow2\DUtils\Random.h">
      <Filter>3rd_part\dbow2\dutils</Filter>
    </ClInclude>
    <ClInclude Include="3rd_part\dbow2\DUtils\Timestamp.h">
      <Filter>3rd_part\dbow2\dutils</Filter>
    </ClInclude>
    <ClInclude Include="inc\map_point.h">
      <Filter>inc</Filter>
    </ClInclude>
    <ClInclude Include="inc\orb_feature.h">
      <Filter>inc</Filter>
    </ClInclude>
    <ClInclude Include="3rd_part\dbow2\TemplatedVocabulary.h">
      <Filter>3rd_part\dbow2</Filter>
    </ClInclude>
    <ClInclude Include="inc\orb_matcher.h">
      <Filter>inc</Filter>
    </ClInclude>
  </ItemGroup>
  <ItemGroup>
    <None Include="parameter.yml" />
  </ItemGroup>
</Project>