<?xml version="1.0" encoding="utf-8"?>
<Project ToolsVersion="4.0" xmlns="http://schemas.microsoft.com/developer/msbuild/2003">
  <ItemGroup>
    <Filter Include="inc">
      <UniqueIdentifier>{082e7679-9ca9-411f-a7f2-54b473c071cf}</UniqueIdentifier>
    </Filter>
    <Filter Include="3rd_part">
      <UniqueIdentifier>{3fc3069f-f57b-4167-adeb-b97c4c0d5af2}</UniqueIdentifier>
    </Filter>
    <Filter Include="src">
      <UniqueIdentifier>{c019bcdf-44bb-4f0a-99e6-58ece0dc3d4f}</UniqueIdentifier>
    </Filter>
    <Filter Include="3rd_part\orb-slam2">
      <UniqueIdentifier>{2926135f-54f5-4035-ae10-9f5027dbc0b8}</UniqueIdentifier>
    </Filter>
    <Filter Include="test">
      <UniqueIdentifier>{aea3eeec-f415-4389-b01d-3b477d31966c}</UniqueIdentifier>
    </Filter>
    <Filter Include="3rd_part\dbow2">
      <UniqueIdentifier>{dc1f03eb-6637-405c-a279-de3a490f96e9}</UniqueIdentifier>
    </Filter>
  </ItemGroup>
  <ItemGroup>
    <ClCompile Include="3rd_part\orb-slam2\ORBextractor.cpp">
      <Filter>3rd_part\orb-slam2</Filter>
    </ClCompile>
    <ClCompile Include="src\frame.cpp">
      <Filter>src</Filter>
    </ClCompile>
    <ClCompile Include="src\parameter.cpp">
      <Filter>src</Filter>
    </ClCompile>
    <ClCompile Include="test\main.cpp">
      <Filter>test</Filter>
    </ClCompile>
    <ClCompile Include="src\draw_image.cpp">
      <Filter>src</Filter>
    </ClCompile>
    <ClCompile Include="src\map.cpp">
      <Filter>src</Filter>
    </ClCompile>
    <ClCompile Include="src\tracking.cpp">
      <Filter>src</Filter>
    </ClCompile>
    <ClCompile Include="src\local_mapping.cpp">
      <Filter>src</Filter>
    </ClCompile>
    <ClCompile Include="src\loop_closing.cpp">
      <Filter>src</Filter>
    </ClCompile>
    <ClCompile Include="3rd_part\dbow2\BowVector.cpp">
      <Filter>3rd_part\dbow2</Filter>
    </ClCompile>
    <ClCompile Include="3rd_part\dbow2\FBrief.cpp">
      <Filter>3rd_part\dbow2</Filter>
    </ClCompile>
    <ClCompile Include="3rd_part\dbow2\FeatureVector.cpp">
      <Filter>3rd_part\dbow2</Filter>
    </ClCompile>
    <ClCompile Include="3rd_part\dbow2\FORB.cpp">
      <Filter>3rd_part\dbow2</Filter>
    </ClCompile>
    <ClCompile Include="3rd_part\dbow2\FSurf64.cpp">
      <Filter>3rd_part\dbow2</Filter>
    </ClCompile>
    <ClCompile Include="3rd_part\dbow2\QueryResults.cpp">
      <Filter>3rd_part\dbow2</Filter>
    </ClCompile>
    <ClCompile Include="3rd_part\dbow2\ScoringObject.cpp">
      <Filter>3rd_part\dbow2</Filter>
    </ClCompile>
  </ItemGroup>
  <ItemGroup>
    <ClInclude Include="3rd_part\orb-slam2\ORBextractor.h">
      <Filter>3rd_part\orb-slam2</Filter>
    </ClInclude>
    <ClInclude Include="inc\frame.h">
      <Filter>inc</Filter>
    </ClInclude>
    <ClInclude Include="inc\parameter.h">
      <Filter>inc</Filter>
    </ClInclude>
    <ClInclude Include="inc\draw_image.h">
      <Filter>inc</Filter>
    </ClInclude>
    <ClInclude Include="inc\map.h">
      <Filter>inc</Filter>
    </ClInclude>
    <ClInclude Include="inc\tracking.h">
      <Filter>inc</Filter>
    </ClInclude>
    <ClInclude Include="inc\local_mapping.h">
      <Filter>inc</Filter>
    </ClInclude>
    <ClInclude Include="inc\loop_closing.h">
      <Filter>inc</Filter>
    </ClInclude>
    <ClInclude Include="3rd_part\dbow2\BowVector.h">
      <Filter>3rd_part\dbow2</Filter>
    </ClInclude>
    <ClInclude Include="3rd_part\dbow2\DBoW2.h">
      <Filter>3rd_part\dbow2</Filter>
    </ClInclude>
    <ClInclude Include="3rd_part\dbow2\FBrief.h">
      <Filter>3rd_part\dbow2</Filter>
    </ClInclude>
    <ClInclude Include="3rd_part\dbow2\FClass.h">
      <Filter>3rd_part\dbow2</Filter>
    </ClInclude>
    <ClInclude Include="3rd_part\dbow2\FeatureVector.h">
      <Filter>3rd_part\dbow2</Filter>
    </ClInclude>
    <ClInclude Include="3rd_part\dbow2\FORB.h">
      <Filter>3rd_part\dbow2</Filter>
    </ClInclude>
    <ClInclude Include="3rd_part\dbow2\FSurf64.h">
      <Filter>3rd_part\dbow2</Filter>
    </ClInclude>
    <ClInclude Include="3rd_part\dbow2\QueryResults.h">
      <Filter>3rd_part\dbow2</Filter>
    </ClInclude>
    <ClInclude Include="3rd_part\dbow2\ScoringObject.h">
      <Filter>3rd_part\dbow2</Filter>
    </ClInclude>
    <ClInclude Include="3rd_part\dbow2\TemplatedDatabase.h">
      <Filter>3rd_part\dbow2</Filter>
    </ClInclude>
    <ClInclude Include="3rd_part\dbow2\TemplatedVocabulary.h">
      <Filter>3rd_part\dbow2</Filter>
    </ClInclude>
  </ItemGroup>
  <ItemGroup>
    <None Include="parameter.yml" />
  </ItemGroup>
</Project>